
Microsoft Visual Studio Solution File, Format Version 12.00
# Visual Studio Version 17
VisualStudioVersion = 17.4.33213.308
MinimumVisualStudioVersion = 10.0.40219.1
Project("{FAE04EC0-301F-11D3-BF4B-00C04F79EFBC}") = "mydraw", "mydraw\mydraw.csproj", "{36E3C800-D7ED-42E6-99B7-39A54B112314}"
EndProject
Global
	GlobalSection(SolutionConfigurationPlatforms) = preSolution
		Debug|Any CPU = Debug|Any CPU
		Release|Any CPU = Release|Any CPU
	EndGlobalSection
	GlobalSection(ProjectConfigurationPlatforms) = postSolution
		{36E3C800-D7ED-42E6-99B7-39A54B112314}.Debug|Any CPU.ActiveCfg = Debug|Any CPU
		{36E3C800-D7ED-42E6-99B7-39A54B112314}.Debug|Any CPU.Build.0 = Debug|Any CPU
		{36E3C800-D7ED-42E6-99B7-39A54B112314}.Release|Any CPU.ActiveCfg = Release|Any CPU
		{36E3C800-D7ED-42E6-99B7-39A54B112314}.Release|Any CPU.Build.0 = Release|Any CPU
	EndGlobalSection
	GlobalSection(SolutionProperties) = preSolution
		HideSolutionNode = FALSE
	EndGlobalSection
	GlobalSection(ExtensibilityGlobals) = postSolution
		SolutionGuid = {2C543940-FB0C-48F1-969F-746C4072396D}
	EndGlobalSection
EndGlobal
