
Microsoft Visual Studio Solution File, Format Version 12.00
# Visual Studio Version 17
VisualStudioVersion = 17.4.33213.308
MinimumVisualStudioVersion = 10.0.40219.1
Project("{FAE04EC0-301F-11D3-BF4B-00C04F79EFBC}") = "ZlateKnightF", "ZlateKnightF\ZlateKnightF.csproj", "{581A32C7-F659-4464-9FDA-20C99CB37B73}"
EndProject
Global
	GlobalSection(SolutionConfigurationPlatforms) = preSolution
		Debug|Any CPU = Debug|Any CPU
		Release|Any CPU = Release|Any CPU
	EndGlobalSection
	GlobalSection(ProjectConfigurationPlatforms) = postSolution
		{581A32C7-F659-4464-9FDA-20C99CB37B73}.Debug|Any CPU.ActiveCfg = Debug|Any CPU
		{581A32C7-F659-4464-9FDA-20C99CB37B73}.Debug|Any CPU.Build.0 = Debug|Any CPU
		{581A32C7-F659-4464-9FDA-20C99CB37B73}.Release|Any CPU.ActiveCfg = Release|Any CPU
		{581A32C7-F659-4464-9FDA-20C99CB37B73}.Release|Any CPU.Build.0 = Release|Any CPU
	EndGlobalSection
	GlobalSection(SolutionProperties) = preSolution
		HideSolutionNode = FALSE
	EndGlobalSection
	GlobalSection(ExtensibilityGlobals) = postSolution
		SolutionGuid = {EC90FFC9-BABE-4F01-9795-63A44D2257D5}
	EndGlobalSection
EndGlobal
