
Microsoft Visual Studio Solution File, Format Version 12.00
# Visual Studio Version 17
VisualStudioVersion = 17.4.33213.308
MinimumVisualStudioVersion = 10.0.40219.1
Project("{FAE04EC0-301F-11D3-BF4B-00C04F79EFBC}") = "wwFast", "wwFast\wwFast.csproj", "{2D19AE8F-6B47-4427-A76A-7300AF1F9A52}"
EndProject
Global
	GlobalSection(SolutionConfigurationPlatforms) = preSolution
		Debug|Any CPU = Debug|Any CPU
		Release|Any CPU = Release|Any CPU
	EndGlobalSection
	GlobalSection(ProjectConfigurationPlatforms) = postSolution
		{2D19AE8F-6B47-4427-A76A-7300AF1F9A52}.Debug|Any CPU.ActiveCfg = Debug|Any CPU
		{2D19AE8F-6B47-4427-A76A-7300AF1F9A52}.Debug|Any CPU.Build.0 = Debug|Any CPU
		{2D19AE8F-6B47-4427-A76A-7300AF1F9A52}.Release|Any CPU.ActiveCfg = Release|Any CPU
		{2D19AE8F-6B47-4427-A76A-7300AF1F9A52}.Release|Any CPU.Build.0 = Release|Any CPU
	EndGlobalSection
	GlobalSection(SolutionProperties) = preSolution
		HideSolutionNode = FALSE
	EndGlobalSection
	GlobalSection(ExtensibilityGlobals) = postSolution
		SolutionGuid = {2745A801-BDA8-4DD9-8AB5-40CDCFAEFA0C}
	EndGlobalSection
EndGlobal
