
Microsoft Visual Studio Solution File, Format Version 12.00
# Visual Studio Version 17
VisualStudioVersion = 17.7.34003.232
MinimumVisualStudioVersion = 10.0.40219.1
Project("{FAE04EC0-301F-11D3-BF4B-00C04F79EFBC}") = "Calculator.Wpf", "Calculator.Wpf\Calculator.Wpf.csproj", "{872BE512-5516-4091-A21A-574A2E65D514}"
EndProject
Project("{FAE04EC0-301F-11D3-BF4B-00C04F79EFBC}") = "Calculator.Business", "Calculator.Business\Calculator.Business.csproj", "{89780941-A940-4A42-BC16-53F4B2CDDDC3}"
EndProject
Global
	GlobalSection(SolutionConfigurationPlatforms) = preSolution
		Debug|Any CPU = Debug|Any CPU
		Release|Any CPU = Release|Any CPU
	EndGlobalSection
	GlobalSection(ProjectConfigurationPlatforms) = postSolution
		{872BE512-5516-4091-A21A-574A2E65D514}.Debug|Any CPU.ActiveCfg = Debug|Any CPU
		{872BE512-5516-4091-A21A-574A2E65D514}.Debug|Any CPU.Build.0 = Debug|Any CPU
		{872BE512-5516-4091-A21A-574A2E65D514}.Release|Any CPU.ActiveCfg = Release|Any CPU
		{872BE512-5516-4091-A21A-574A2E65D514}.Release|Any CPU.Build.0 = Release|Any CPU
		{89780941-A940-4A42-BC16-53F4B2CDDDC3}.Debug|Any CPU.ActiveCfg = Debug|Any CPU
		{89780941-A940-4A42-BC16-53F4B2CDDDC3}.Debug|Any CPU.Build.0 = Debug|Any CPU
		{89780941-A940-4A42-BC16-53F4B2CDDDC3}.Release|Any CPU.ActiveCfg = Release|Any CPU
		{89780941-A940-4A42-BC16-53F4B2CDDDC3}.Release|Any CPU.Build.0 = Release|Any CPU
	EndGlobalSection
	GlobalSection(SolutionProperties) = preSolution
		HideSolutionNode = FALSE
	EndGlobalSection
	GlobalSection(ExtensibilityGlobals) = postSolution
		SolutionGuid = {9E2DC304-F6DC-4954-9067-85FD2994AFA5}
	EndGlobalSection
EndGlobal
