
Microsoft Visual Studio Solution File, Format Version 12.00
# Visual Studio Version 17
VisualStudioVersion = 17.4.33213.308
MinimumVisualStudioVersion = 10.0.40219.1
Project("{FAE04EC0-301F-11D3-BF4B-00C04F79EFBC}") = "Calculator.Wpf", "..\Calculator.Wpf\Calculator.Wpf.csproj", "{872BE512-5516-4091-A21A-574A2E65D514}"
EndProject
Global
	GlobalSection(SolutionConfigurationPlatforms) = preSolution
		Debug|Any CPU = Debug|Any CPU
		Release|Any CPU = Release|Any CPU
	EndGlobalSection
	GlobalSection(ProjectConfigurationPlatforms) = postSolution
		{872BE512-5516-4091-A21A-574A2E65D514}.Debug|Any CPU.ActiveCfg = Debug|Any CPU
		{872BE512-5516-4091-A21A-574A2E65D514}.Debug|Any CPU.Build.0 = Debug|Any CPU
		{872BE512-5516-4091-A21A-574A2E65D514}.Release|Any CPU.ActiveCfg = Release|Any CPU
		{872BE512-5516-4091-A21A-574A2E65D514}.Release|Any CPU.Build.0 = Release|Any CPU
	EndGlobalSection
	GlobalSection(SolutionProperties) = preSolution
		HideSolutionNode = FALSE
	EndGlobalSection
	GlobalSection(ExtensibilityGlobals) = postSolution
		SolutionGuid = {5A9E3F2F-AC51-48E5-A94A-5D679C890873}
	EndGlobalSection
EndGlobal
