
Microsoft Visual Studio Solution File, Format Version 12.00
# Visual Studio Version 17
VisualStudioVersion = 17.7.34003.232
MinimumVisualStudioVersion = 10.0.40219.1
Project("{FAE04EC0-301F-11D3-BF4B-00C04F79EFBC}") = "CardFile", "CardFile\CardFile.csproj", "{2917104C-86B3-420C-8D47-767D06710569}"
EndProject
Project("{FAE04EC0-301F-11D3-BF4B-00C04F79EFBC}") = "CardFile.Business", "CardFile.Business\CardFile.Business.csproj", "{411D30AB-6653-42F6-895D-D2AD93880D1A}"
EndProject
Project("{FAE04EC0-301F-11D3-BF4B-00C04F79EFBC}") = "CardFile.Core", "CardFile.Core\CardFile.Core.csproj", "{22F56004-7E80-4C6B-B100-F397859538FC}"
EndProject
Project("{FAE04EC0-301F-11D3-BF4B-00C04F79EFBC}") = "CardFile.DataAccess.PostgreSQL", "CardFile.DataAccess.PostgreSQL\CardFile.DataAccess.PostgreSQL.csproj", "{1ADC910F-7281-484E-945C-EDDFEAA2505A}"
EndProject
Project("{FAE04EC0-301F-11D3-BF4B-00C04F79EFBC}") = "CardFile.DataAccess.MSSQL", "CardFile.DataAccess.MSSQL\CardFile.DataAccess.MSSQL.csproj", "{17F0F392-5D99-40B4-AC53-EF3664C827AB}"
EndProject
Project("{FAE04EC0-301F-11D3-BF4B-00C04F79EFBC}") = "CardFile.DataAccess.PostgreSql.EF", "CardFile.DataAccess.PostgreSql.EF\CardFile.DataAccess.PostgreSql.EF.csproj", "{CC6D1224-7DFA-4AE7-BA51-5FA4A40B1023}"
EndProject
Global
	GlobalSection(SolutionConfigurationPlatforms) = preSolution
		Debug|Any CPU = Debug|Any CPU
		Release|Any CPU = Release|Any CPU
	EndGlobalSection
	GlobalSection(ProjectConfigurationPlatforms) = postSolution
		{2917104C-86B3-420C-8D47-767D06710569}.Debug|Any CPU.ActiveCfg = Debug|Any CPU
		{2917104C-86B3-420C-8D47-767D06710569}.Debug|Any CPU.Build.0 = Debug|Any CPU
		{2917104C-86B3-420C-8D47-767D06710569}.Release|Any CPU.ActiveCfg = Release|Any CPU
		{2917104C-86B3-420C-8D47-767D06710569}.Release|Any CPU.Build.0 = Release|Any CPU
		{411D30AB-6653-42F6-895D-D2AD93880D1A}.Debug|Any CPU.ActiveCfg = Debug|Any CPU
		{411D30AB-6653-42F6-895D-D2AD93880D1A}.Debug|Any CPU.Build.0 = Debug|Any CPU
		{411D30AB-6653-42F6-895D-D2AD93880D1A}.Release|Any CPU.ActiveCfg = Release|Any CPU
		{411D30AB-6653-42F6-895D-D2AD93880D1A}.Release|Any CPU.Build.0 = Release|Any CPU
		{22F56004-7E80-4C6B-B100-F397859538FC}.Debug|Any CPU.ActiveCfg = Debug|Any CPU
		{22F56004-7E80-4C6B-B100-F397859538FC}.Debug|Any CPU.Build.0 = Debug|Any CPU
		{22F56004-7E80-4C6B-B100-F397859538FC}.Release|Any CPU.ActiveCfg = Release|Any CPU
		{22F56004-7E80-4C6B-B100-F397859538FC}.Release|Any CPU.Build.0 = Release|Any CPU
		{1ADC910F-7281-484E-945C-EDDFEAA2505A}.Debug|Any CPU.ActiveCfg = Debug|Any CPU
		{1ADC910F-7281-484E-945C-EDDFEAA2505A}.Debug|Any CPU.Build.0 = Debug|Any CPU
		{1ADC910F-7281-484E-945C-EDDFEAA2505A}.Release|Any CPU.ActiveCfg = Release|Any CPU
		{1ADC910F-7281-484E-945C-EDDFEAA2505A}.Release|Any CPU.Build.0 = Release|Any CPU
		{17F0F392-5D99-40B4-AC53-EF3664C827AB}.Debug|Any CPU.ActiveCfg = Debug|Any CPU
		{17F0F392-5D99-40B4-AC53-EF3664C827AB}.Debug|Any CPU.Build.0 = Debug|Any CPU
		{17F0F392-5D99-40B4-AC53-EF3664C827AB}.Release|Any CPU.ActiveCfg = Release|Any CPU
		{17F0F392-5D99-40B4-AC53-EF3664C827AB}.Release|Any CPU.Build.0 = Release|Any CPU
		{CC6D1224-7DFA-4AE7-BA51-5FA4A40B1023}.Debug|Any CPU.ActiveCfg = Debug|Any CPU
		{CC6D1224-7DFA-4AE7-BA51-5FA4A40B1023}.Debug|Any CPU.Build.0 = Debug|Any CPU
		{CC6D1224-7DFA-4AE7-BA51-5FA4A40B1023}.Release|Any CPU.ActiveCfg = Release|Any CPU
		{CC6D1224-7DFA-4AE7-BA51-5FA4A40B1023}.Release|Any CPU.Build.0 = Release|Any CPU
	EndGlobalSection
	GlobalSection(SolutionProperties) = preSolution
		HideSolutionNode = FALSE
	EndGlobalSection
	GlobalSection(ExtensibilityGlobals) = postSolution
		SolutionGuid = {32640F49-9FDD-4228-B1B4-3E02B9A73AD2}
	EndGlobalSection
EndGlobal
