
Microsoft Visual Studio Solution File, Format Version 12.00
# Visual Studio Version 17
VisualStudioVersion = 17.7.34003.232
MinimumVisualStudioVersion = 10.0.40219.1
Project("{FAE04EC0-301F-11D3-BF4B-00C04F79EFBC}") = "CardFile", "CardFile\CardFile.csproj", "{2917104C-86B3-420C-8D47-767D06710569}"
EndProject
Project("{FAE04EC0-301F-11D3-BF4B-00C04F79EFBC}") = "CardFile.Business", "CardFile.Business\CardFile.Business.csproj", "{411D30AB-6653-42F6-895D-D2AD93880D1A}"
EndProject
Project("{FAE04EC0-301F-11D3-BF4B-00C04F79EFBC}") = "CardFile.DataAccess.File", "CardFile.DataAccess.File\CardFile.DataAccess.File.csproj", "{4DE749C2-377A-4970-95CA-2C6A9DA8B09E}"
EndProject
Project("{FAE04EC0-301F-11D3-BF4B-00C04F79EFBC}") = "CardFile.Core", "CardFile.Core\CardFile.Core.csproj", "{22F56004-7E80-4C6B-B100-F397859538FC}"
EndProject
Project("{FAE04EC0-301F-11D3-BF4B-00C04F79EFBC}") = "Cardfile.dataAccess.PostrgesSQL", "Cardfile.dataAccess.PostrgesSQL\Cardfile.dataAccess.PostrgesSQL.csproj", "{EF8684F5-1FE9-448C-9269-521DF9AF3035}"
EndProject
Global
	GlobalSection(SolutionConfigurationPlatforms) = preSolution
		Debug|Any CPU = Debug|Any CPU
		Release|Any CPU = Release|Any CPU
	EndGlobalSection
	GlobalSection(ProjectConfigurationPlatforms) = postSolution
		{2917104C-86B3-420C-8D47-767D06710569}.Debug|Any CPU.ActiveCfg = Debug|Any CPU
		{2917104C-86B3-420C-8D47-767D06710569}.Debug|Any CPU.Build.0 = Debug|Any CPU
		{2917104C-86B3-420C-8D47-767D06710569}.Release|Any CPU.ActiveCfg = Release|Any CPU
		{2917104C-86B3-420C-8D47-767D06710569}.Release|Any CPU.Build.0 = Release|Any CPU
		{411D30AB-6653-42F6-895D-D2AD93880D1A}.Debug|Any CPU.ActiveCfg = Debug|Any CPU
		{411D30AB-6653-42F6-895D-D2AD93880D1A}.Debug|Any CPU.Build.0 = Debug|Any CPU
		{411D30AB-6653-42F6-895D-D2AD93880D1A}.Release|Any CPU.ActiveCfg = Release|Any CPU
		{411D30AB-6653-42F6-895D-D2AD93880D1A}.Release|Any CPU.Build.0 = Release|Any CPU
		{4DE749C2-377A-4970-95CA-2C6A9DA8B09E}.Debug|Any CPU.ActiveCfg = Debug|Any CPU
		{4DE749C2-377A-4970-95CA-2C6A9DA8B09E}.Debug|Any CPU.Build.0 = Debug|Any CPU
		{4DE749C2-377A-4970-95CA-2C6A9DA8B09E}.Release|Any CPU.ActiveCfg = Release|Any CPU
		{4DE749C2-377A-4970-95CA-2C6A9DA8B09E}.Release|Any CPU.Build.0 = Release|Any CPU
		{22F56004-7E80-4C6B-B100-F397859538FC}.Debug|Any CPU.ActiveCfg = Debug|Any CPU
		{22F56004-7E80-4C6B-B100-F397859538FC}.Debug|Any CPU.Build.0 = Debug|Any CPU
		{22F56004-7E80-4C6B-B100-F397859538FC}.Release|Any CPU.ActiveCfg = Release|Any CPU
		{22F56004-7E80-4C6B-B100-F397859538FC}.Release|Any CPU.Build.0 = Release|Any CPU
		{EF8684F5-1FE9-448C-9269-521DF9AF3035}.Debug|Any CPU.ActiveCfg = Debug|Any CPU
		{EF8684F5-1FE9-448C-9269-521DF9AF3035}.Debug|Any CPU.Build.0 = Debug|Any CPU
		{EF8684F5-1FE9-448C-9269-521DF9AF3035}.Release|Any CPU.ActiveCfg = Release|Any CPU
		{EF8684F5-1FE9-448C-9269-521DF9AF3035}.Release|Any CPU.Build.0 = Release|Any CPU
	EndGlobalSection
	GlobalSection(SolutionProperties) = preSolution
		HideSolutionNode = FALSE
	EndGlobalSection
	GlobalSection(ExtensibilityGlobals) = postSolution
		SolutionGuid = {32640F49-9FDD-4228-B1B4-3E02B9A73AD2}
	EndGlobalSection
EndGlobal
