
Microsoft Visual Studio Solution File, Format Version 12.00
# Visual Studio Version 17
VisualStudioVersion = 17.4.33213.308
MinimumVisualStudioVersion = 10.0.40219.1
Project("{FAE04EC0-301F-11D3-BF4B-00C04F79EFBC}") = "AlarmClock.0.1", "AlarmClock.0.1\AlarmClock.0.1.csproj", "{CE6C2515-0262-4EE5-9116-C03749BFCBCA}"
EndProject
Global
	GlobalSection(SolutionConfigurationPlatforms) = preSolution
		Debug|Any CPU = Debug|Any CPU
		Release|Any CPU = Release|Any CPU
	EndGlobalSection
	GlobalSection(ProjectConfigurationPlatforms) = postSolution
		{CE6C2515-0262-4EE5-9116-C03749BFCBCA}.Debug|Any CPU.ActiveCfg = Debug|Any CPU
		{CE6C2515-0262-4EE5-9116-C03749BFCBCA}.Debug|Any CPU.Build.0 = Debug|Any CPU
		{CE6C2515-0262-4EE5-9116-C03749BFCBCA}.Release|Any CPU.ActiveCfg = Release|Any CPU
		{CE6C2515-0262-4EE5-9116-C03749BFCBCA}.Release|Any CPU.Build.0 = Release|Any CPU
	EndGlobalSection
	GlobalSection(SolutionProperties) = preSolution
		HideSolutionNode = FALSE
	EndGlobalSection
	GlobalSection(ExtensibilityGlobals) = postSolution
		SolutionGuid = {B6B74F0D-5F98-47DD-9A53-4ED12384693B}
	EndGlobalSection
EndGlobal
