
Microsoft Visual Studio Solution File, Format Version 12.00
# Visual Studio Version 17
VisualStudioVersion = 17.7.34003.232
MinimumVisualStudioVersion = 10.0.40219.1
Project("{FAE04EC0-301F-11D3-BF4B-00C04F79EFBC}") = "CardFile", "CardFile\CardFile.csproj", "{2917104C-86B3-420C-8D47-767D06710569}"
EndProject
Project("{FAE04EC0-301F-11D3-BF4B-00C04F79EFBC}") = "CardFile.Business", "CardFile.Business\CardFile.Business.csproj", "{411D30AB-6653-42F6-895D-D2AD93880D1A}"
EndProject
Project("{FAE04EC0-301F-11D3-BF4B-00C04F79EFBC}") = "CardFile.Data.File", "CardFile.Data.File\CardFile.Data.File.csproj", "{F4E19F2D-1EB3-4164-84B9-1053F0C35384}"
EndProject
Project("{FAE04EC0-301F-11D3-BF4B-00C04F79EFBC}") = "CardFile.Core", "CardFile.Core\CardFile.Core.csproj", "{625CAEFE-5EAB-42D4-85BA-C2889F4A596E}"
EndProject
Global
	GlobalSection(SolutionConfigurationPlatforms) = preSolution
		Debug|Any CPU = Debug|Any CPU
		Release|Any CPU = Release|Any CPU
	EndGlobalSection
	GlobalSection(ProjectConfigurationPlatforms) = postSolution
		{2917104C-86B3-420C-8D47-767D06710569}.Debug|Any CPU.ActiveCfg = Debug|Any CPU
		{2917104C-86B3-420C-8D47-767D06710569}.Debug|Any CPU.Build.0 = Debug|Any CPU
		{2917104C-86B3-420C-8D47-767D06710569}.Release|Any CPU.ActiveCfg = Release|Any CPU
		{2917104C-86B3-420C-8D47-767D06710569}.Release|Any CPU.Build.0 = Release|Any CPU
		{411D30AB-6653-42F6-895D-D2AD93880D1A}.Debug|Any CPU.ActiveCfg = Debug|Any CPU
		{411D30AB-6653-42F6-895D-D2AD93880D1A}.Debug|Any CPU.Build.0 = Debug|Any CPU
		{411D30AB-6653-42F6-895D-D2AD93880D1A}.Release|Any CPU.ActiveCfg = Release|Any CPU
		{411D30AB-6653-42F6-895D-D2AD93880D1A}.Release|Any CPU.Build.0 = Release|Any CPU
		{F4E19F2D-1EB3-4164-84B9-1053F0C35384}.Debug|Any CPU.ActiveCfg = Debug|Any CPU
		{F4E19F2D-1EB3-4164-84B9-1053F0C35384}.Debug|Any CPU.Build.0 = Debug|Any CPU
		{F4E19F2D-1EB3-4164-84B9-1053F0C35384}.Release|Any CPU.ActiveCfg = Release|Any CPU
		{F4E19F2D-1EB3-4164-84B9-1053F0C35384}.Release|Any CPU.Build.0 = Release|Any CPU
		{625CAEFE-5EAB-42D4-85BA-C2889F4A596E}.Debug|Any CPU.ActiveCfg = Debug|Any CPU
		{625CAEFE-5EAB-42D4-85BA-C2889F4A596E}.Debug|Any CPU.Build.0 = Debug|Any CPU
		{625CAEFE-5EAB-42D4-85BA-C2889F4A596E}.Release|Any CPU.ActiveCfg = Release|Any CPU
		{625CAEFE-5EAB-42D4-85BA-C2889F4A596E}.Release|Any CPU.Build.0 = Release|Any CPU
	EndGlobalSection
	GlobalSection(SolutionProperties) = preSolution
		HideSolutionNode = FALSE
	EndGlobalSection
	GlobalSection(ExtensibilityGlobals) = postSolution
		SolutionGuid = {32640F49-9FDD-4228-B1B4-3E02B9A73AD2}
	EndGlobalSection
EndGlobal
