
Microsoft Visual Studio Solution File, Format Version 12.00
# Visual Studio Version 17
VisualStudioVersion = 17.7.34003.232
MinimumVisualStudioVersion = 10.0.40219.1
Project("{FAE04EC0-301F-11D3-BF4B-00C04F79EFBC}") = "LinkedListSorting", "LinkedListSorting\LinkedListSorting.csproj", "{88CB4312-1928-4D3B-9156-17F97979B21A}"
EndProject
Global
	GlobalSection(SolutionConfigurationPlatforms) = preSolution
		Debug|Any CPU = Debug|Any CPU
		Release|Any CPU = Release|Any CPU
	EndGlobalSection
	GlobalSection(ProjectConfigurationPlatforms) = postSolution
		{88CB4312-1928-4D3B-9156-17F97979B21A}.Debug|Any CPU.ActiveCfg = Debug|Any CPU
		{88CB4312-1928-4D3B-9156-17F97979B21A}.Debug|Any CPU.Build.0 = Debug|Any CPU
		{88CB4312-1928-4D3B-9156-17F97979B21A}.Release|Any CPU.ActiveCfg = Release|Any CPU
		{88CB4312-1928-4D3B-9156-17F97979B21A}.Release|Any CPU.Build.0 = Release|Any CPU
	EndGlobalSection
	GlobalSection(SolutionProperties) = preSolution
		HideSolutionNode = FALSE
	EndGlobalSection
	GlobalSection(ExtensibilityGlobals) = postSolution
		SolutionGuid = {FE9F7F40-E27E-4151-9EFA-B1A14DB2B6C9}
	EndGlobalSection
EndGlobal
