
Microsoft Visual Studio Solution File, Format Version 12.00
# Visual Studio Version 17
VisualStudioVersion = 17.4.33213.308
MinimumVisualStudioVersion = 10.0.40219.1
Project("{FAE04EC0-301F-11D3-BF4B-00C04F79EFBC}") = "erd", "erd\erd.csproj", "{6F2CD525-8C76-4572-8668-642A698DC92D}"
EndProject
Global
	GlobalSection(SolutionConfigurationPlatforms) = preSolution
		Debug|Any CPU = Debug|Any CPU
		Release|Any CPU = Release|Any CPU
	EndGlobalSection
	GlobalSection(ProjectConfigurationPlatforms) = postSolution
		{6F2CD525-8C76-4572-8668-642A698DC92D}.Debug|Any CPU.ActiveCfg = Debug|Any CPU
		{6F2CD525-8C76-4572-8668-642A698DC92D}.Debug|Any CPU.Build.0 = Debug|Any CPU
		{6F2CD525-8C76-4572-8668-642A698DC92D}.Release|Any CPU.ActiveCfg = Release|Any CPU
		{6F2CD525-8C76-4572-8668-642A698DC92D}.Release|Any CPU.Build.0 = Release|Any CPU
	EndGlobalSection
	GlobalSection(SolutionProperties) = preSolution
		HideSolutionNode = FALSE
	EndGlobalSection
	GlobalSection(ExtensibilityGlobals) = postSolution
		SolutionGuid = {B43C1956-C146-4FA6-A07B-8B512106B39C}
	EndGlobalSection
EndGlobal
