
Microsoft Visual Studio Solution File, Format Version 12.00
# Visual Studio Version 17
VisualStudioVersion = 17.4.33213.308
MinimumVisualStudioVersion = 10.0.40219.1
Project("{FAE04EC0-301F-11D3-BF4B-00C04F79EFBC}") = "BestPaintFromPicaso", "BestPaintFromPicaso\BestPaintFromPicaso.csproj", "{D831F975-3724-413F-82AE-CA885EF910F1}"
EndProject
Global
	GlobalSection(SolutionConfigurationPlatforms) = preSolution
		Debug|Any CPU = Debug|Any CPU
		Release|Any CPU = Release|Any CPU
	EndGlobalSection
	GlobalSection(ProjectConfigurationPlatforms) = postSolution
		{D831F975-3724-413F-82AE-CA885EF910F1}.Debug|Any CPU.ActiveCfg = Debug|Any CPU
		{D831F975-3724-413F-82AE-CA885EF910F1}.Debug|Any CPU.Build.0 = Debug|Any CPU
		{D831F975-3724-413F-82AE-CA885EF910F1}.Release|Any CPU.ActiveCfg = Release|Any CPU
		{D831F975-3724-413F-82AE-CA885EF910F1}.Release|Any CPU.Build.0 = Release|Any CPU
	EndGlobalSection
	GlobalSection(SolutionProperties) = preSolution
		HideSolutionNode = FALSE
	EndGlobalSection
	GlobalSection(ExtensibilityGlobals) = postSolution
		SolutionGuid = {98EB1D72-6D61-4B04-8D0C-12AFAC6E62C2}
	EndGlobalSection
EndGlobal
