
Microsoft Visual Studio Solution File, Format Version 12.00
# Visual Studio Version 17
VisualStudioVersion = 17.7.34003.232
MinimumVisualStudioVersion = 10.0.40219.1
Project("{FAE04EC0-301F-11D3-BF4B-00C04F79EFBC}") = "ArithmeticTree", "ArithmeticTree\ArithmeticTree.csproj", "{48899419-ED51-4176-919A-3C26E2CFA7DB}"
EndProject
Global
	GlobalSection(SolutionConfigurationPlatforms) = preSolution
		Debug|Any CPU = Debug|Any CPU
		Release|Any CPU = Release|Any CPU
	EndGlobalSection
	GlobalSection(ProjectConfigurationPlatforms) = postSolution
		{48899419-ED51-4176-919A-3C26E2CFA7DB}.Debug|Any CPU.ActiveCfg = Debug|Any CPU
		{48899419-ED51-4176-919A-3C26E2CFA7DB}.Debug|Any CPU.Build.0 = Debug|Any CPU
		{48899419-ED51-4176-919A-3C26E2CFA7DB}.Release|Any CPU.ActiveCfg = Release|Any CPU
		{48899419-ED51-4176-919A-3C26E2CFA7DB}.Release|Any CPU.Build.0 = Release|Any CPU
	EndGlobalSection
	GlobalSection(SolutionProperties) = preSolution
		HideSolutionNode = FALSE
	EndGlobalSection
	GlobalSection(ExtensibilityGlobals) = postSolution
		SolutionGuid = {38E5850F-6D2D-4EFB-B809-2829C10C0293}
	EndGlobalSection
EndGlobal
