
Microsoft Visual Studio Solution File, Format Version 12.00
# Visual Studio Version 17
VisualStudioVersion = 17.4.33213.308
MinimumVisualStudioVersion = 10.0.40219.1
Project("{FAE04EC0-301F-11D3-BF4B-00C04F79EFBC}") = "ConsoleApp3", "ConsoleApp3\ConsoleApp3.csproj", "{C31FFA5B-B6B2-4E26-9545-5E4332175677}"
EndProject
Global
	GlobalSection(SolutionConfigurationPlatforms) = preSolution
		Debug|Any CPU = Debug|Any CPU
		Release|Any CPU = Release|Any CPU
	EndGlobalSection
	GlobalSection(ProjectConfigurationPlatforms) = postSolution
		{C31FFA5B-B6B2-4E26-9545-5E4332175677}.Debug|Any CPU.ActiveCfg = Debug|Any CPU
		{C31FFA5B-B6B2-4E26-9545-5E4332175677}.Debug|Any CPU.Build.0 = Debug|Any CPU
		{C31FFA5B-B6B2-4E26-9545-5E4332175677}.Release|Any CPU.ActiveCfg = Release|Any CPU
		{C31FFA5B-B6B2-4E26-9545-5E4332175677}.Release|Any CPU.Build.0 = Release|Any CPU
	EndGlobalSection
	GlobalSection(SolutionProperties) = preSolution
		HideSolutionNode = FALSE
	EndGlobalSection
	GlobalSection(ExtensibilityGlobals) = postSolution
		SolutionGuid = {760B521E-7A2A-4D07-932E-7C2B4D3187BF}
	EndGlobalSection
EndGlobal
