
Microsoft Visual Studio Solution File, Format Version 12.00
# Visual Studio Version 17
VisualStudioVersion = 17.4.33213.308
MinimumVisualStudioVersion = 10.0.40219.1
Project("{FAE04EC0-301F-11D3-BF4B-00C04F79EFBC}") = "BestFormsOnThisPlanet", "BestFormsOnThisPlanet\BestFormsOnThisPlanet.csproj", "{5ACE0C50-5955-49A5-8B99-988277AE0FCC}"
EndProject
Global
	GlobalSection(SolutionConfigurationPlatforms) = preSolution
		Debug|Any CPU = Debug|Any CPU
		Release|Any CPU = Release|Any CPU
	EndGlobalSection
	GlobalSection(ProjectConfigurationPlatforms) = postSolution
		{5ACE0C50-5955-49A5-8B99-988277AE0FCC}.Debug|Any CPU.ActiveCfg = Debug|Any CPU
		{5ACE0C50-5955-49A5-8B99-988277AE0FCC}.Debug|Any CPU.Build.0 = Debug|Any CPU
		{5ACE0C50-5955-49A5-8B99-988277AE0FCC}.Release|Any CPU.ActiveCfg = Release|Any CPU
		{5ACE0C50-5955-49A5-8B99-988277AE0FCC}.Release|Any CPU.Build.0 = Release|Any CPU
	EndGlobalSection
	GlobalSection(SolutionProperties) = preSolution
		HideSolutionNode = FALSE
	EndGlobalSection
	GlobalSection(ExtensibilityGlobals) = postSolution
		SolutionGuid = {B843BD51-7843-40AA-9D8B-CF3D82CBF30B}
	EndGlobalSection
EndGlobal
